
Microsoft Visual Studio Solution File, Format Version 12.00
# Visual Studio 15
Project("{FAE04EC0-301F-11D3-BF4B-00C04F79EFBC}") = "Assembly-CSharp", "Assembly-CSharp.csproj", "{172D7D0B-9E2E-2861-82A0-5338A2B4CB6A}"
EndProject
Global
	GlobalSection(SolutionConfigurationPlatforms) = preSolution
		Debug|Any CPU = Debug|Any CPU
		Release|Any CPU = Release|Any CPU
	EndGlobalSection
	GlobalSection(ProjectConfigurationPlatforms) = postSolution
		{172D7D0B-9E2E-2861-82A0-5338A2B4CB6A}.Debug|Any CPU.ActiveCfg = Debug|Any CPU
		{172D7D0B-9E2E-2861-82A0-5338A2B4CB6A}.Debug|Any CPU.Build.0 = Debug|Any CPU
		{172D7D0B-9E2E-2861-82A0-5338A2B4CB6A}.Release|Any CPU.ActiveCfg = Release|Any CPU
		{172D7D0B-9E2E-2861-82A0-5338A2B4CB6A}.Release|Any CPU.Build.0 = Release|Any CPU
	EndGlobalSection
	GlobalSection(SolutionProperties) = preSolution
		HideSolutionNode = FALSE
	EndGlobalSection
EndGlobal
