
Microsoft Visual Studio Solution File, Format Version 12.00
# Visual Studio Version 17
VisualStudioVersion = 17.1.32319.34
MinimumVisualStudioVersion = 10.0.40219.1
Project("{FAE04EC0-301F-11D3-BF4B-00C04F79EFBC}") = "Befit_Task2", "Befit_Task2\Befit_Task2.csproj", "{B5EB4B05-B2F6-4B88-9536-186298FD5D4D}"
EndProject
Global
	GlobalSection(SolutionConfigurationPlatforms) = preSolution
		Debug|Any CPU = Debug|Any CPU
		Release|Any CPU = Release|Any CPU
	EndGlobalSection
	GlobalSection(ProjectConfigurationPlatforms) = postSolution
		{B5EB4B05-B2F6-4B88-9536-186298FD5D4D}.Debug|Any CPU.ActiveCfg = Debug|Any CPU
		{B5EB4B05-B2F6-4B88-9536-186298FD5D4D}.Debug|Any CPU.Build.0 = Debug|Any CPU
		{B5EB4B05-B2F6-4B88-9536-186298FD5D4D}.Release|Any CPU.ActiveCfg = Release|Any CPU
		{B5EB4B05-B2F6-4B88-9536-186298FD5D4D}.Release|Any CPU.Build.0 = Release|Any CPU
	EndGlobalSection
	GlobalSection(SolutionProperties) = preSolution
		HideSolutionNode = FALSE
	EndGlobalSection
	GlobalSection(ExtensibilityGlobals) = postSolution
		SolutionGuid = {770F3B2B-BB03-45A2-923B-7ED221879DA3}
	EndGlobalSection
EndGlobal
