
Microsoft Visual Studio Solution File, Format Version 12.00
# Visual Studio Version 16
VisualStudioVersion = 16.0.30804.86
MinimumVisualStudioVersion = 10.0.40219.1
Project("{FAE04EC0-301F-11D3-BF4B-00C04F79EFBC}") = "MultiplicationTable", "MultiplicationTable.csproj", "{28819022-931D-469A-8E9E-449F9C239FF5}"
EndProject
Global
	GlobalSection(SolutionConfigurationPlatforms) = preSolution
		Debug|Any CPU = Debug|Any CPU
		Release|Any CPU = Release|Any CPU
	EndGlobalSection
	GlobalSection(ProjectConfigurationPlatforms) = postSolution
		{28819022-931D-469A-8E9E-449F9C239FF5}.Debug|Any CPU.ActiveCfg = Debug|Any CPU
		{28819022-931D-469A-8E9E-449F9C239FF5}.Debug|Any CPU.Build.0 = Debug|Any CPU
		{28819022-931D-469A-8E9E-449F9C239FF5}.Release|Any CPU.ActiveCfg = Release|Any CPU
		{28819022-931D-469A-8E9E-449F9C239FF5}.Release|Any CPU.Build.0 = Release|Any CPU
	EndGlobalSection
	GlobalSection(SolutionProperties) = preSolution
		HideSolutionNode = FALSE
	EndGlobalSection
	GlobalSection(ExtensibilityGlobals) = postSolution
		SolutionGuid = {A45F68B9-0DF0-4E4A-BB8C-C2FC1AEA6B41}
	EndGlobalSection
EndGlobal
