
Microsoft Visual Studio Solution File, Format Version 12.00
# Visual Studio Version 16
VisualStudioVersion = 16.0.30804.86
MinimumVisualStudioVersion = 10.0.40219.1
Project("{FAE04EC0-301F-11D3-BF4B-00C04F79EFBC}") = "Battleship", "Battleship.csproj", "{3048A739-ECF6-4D19-AE8B-D43CACB053CE}"
EndProject
Global
	GlobalSection(SolutionConfigurationPlatforms) = preSolution
		Debug|Any CPU = Debug|Any CPU
		Release|Any CPU = Release|Any CPU
	EndGlobalSection
	GlobalSection(ProjectConfigurationPlatforms) = postSolution
		{3048A739-ECF6-4D19-AE8B-D43CACB053CE}.Debug|Any CPU.ActiveCfg = Debug|Any CPU
		{3048A739-ECF6-4D19-AE8B-D43CACB053CE}.Debug|Any CPU.Build.0 = Debug|Any CPU
		{3048A739-ECF6-4D19-AE8B-D43CACB053CE}.Release|Any CPU.ActiveCfg = Release|Any CPU
		{3048A739-ECF6-4D19-AE8B-D43CACB053CE}.Release|Any CPU.Build.0 = Release|Any CPU
	EndGlobalSection
	GlobalSection(SolutionProperties) = preSolution
		HideSolutionNode = FALSE
	EndGlobalSection
	GlobalSection(ExtensibilityGlobals) = postSolution
		SolutionGuid = {0EE61D2A-F25D-494F-95D7-3B025774DD04}
	EndGlobalSection
EndGlobal
